dependencies:
- name: argo-cd
  repository: https://argoproj.github.io/argo-helm
  version: 7.8.9
- name: generic-helm
  repository: https://audacioustux.github.io/kubeplane
  version: 0.2.3
digest: sha256:15aa90bc4405ca2b1edc2a66e5be1d709177b0eb2c4da2534b8b19001c2e5e73
generated: "2025-03-08T14:06:42.239289565Z"
